
Microsoft Visual Studio Solution File, Format Version 12.00
# Visual Studio Version 17
VisualStudioVersion = 17.4.33213.308
MinimumVisualStudioVersion = 10.0.40219.1
Project("{9A19103F-16F7-4668-BE54-9A1E7A4F7556}") = "GoFish", "ConsoleApp21\GoFish.csproj", "{A2C9E3DE-2F03-4DF2-AE2E-68A078E1FFF9}"
EndProject
Project("{FAE04EC0-301F-11D3-BF4B-00C04F79EFBC}") = "GoFishTests", "GoFishTests\GoFishTests.csproj", "{379A6DD6-C640-4241-B830-47FEDF7F609C}"
EndProject
Global
	GlobalSection(SolutionConfigurationPlatforms) = preSolution
		Debug|Any CPU = Debug|Any CPU
		Release|Any CPU = Release|Any CPU
	EndGlobalSection
	GlobalSection(ProjectConfigurationPlatforms) = postSolution
		{A2C9E3DE-2F03-4DF2-AE2E-68A078E1FFF9}.Debug|Any CPU.ActiveCfg = Debug|Any CPU
		{A2C9E3DE-2F03-4DF2-AE2E-68A078E1FFF9}.Debug|Any CPU.Build.0 = Debug|Any CPU
		{A2C9E3DE-2F03-4DF2-AE2E-68A078E1FFF9}.Release|Any CPU.ActiveCfg = Release|Any CPU
		{A2C9E3DE-2F03-4DF2-AE2E-68A078E1FFF9}.Release|Any CPU.Build.0 = Release|Any CPU
		{379A6DD6-C640-4241-B830-47FEDF7F609C}.Debug|Any CPU.ActiveCfg = Debug|Any CPU
		{379A6DD6-C640-4241-B830-47FEDF7F609C}.Debug|Any CPU.Build.0 = Debug|Any CPU
		{379A6DD6-C640-4241-B830-47FEDF7F609C}.Release|Any CPU.ActiveCfg = Release|Any CPU
		{379A6DD6-C640-4241-B830-47FEDF7F609C}.Release|Any CPU.Build.0 = Release|Any CPU
	EndGlobalSection
	GlobalSection(SolutionProperties) = preSolution
		HideSolutionNode = FALSE
	EndGlobalSection
	GlobalSection(ExtensibilityGlobals) = postSolution
		SolutionGuid = {99F76F40-C9F3-4220-8BAB-BB11BEE17ADF}
	EndGlobalSection
EndGlobal
